{
	"name": "wanderer-plugin-question-browser",
	"version": "0.0.1",
	"lockfileVersion": 1,
	"requires": true,
	"dependencies": {
		"vue-awesome": {
			"version": "3.5.4",
			"resolved": "https://registry.npmjs.org/vue-awesome/-/vue-awesome-3.5.4.tgz",
			"integrity": "sha512-RRuo08A6mFye2RyLVdnODH5kyLiHANMl9EzKXZXCeMrsP4SY3nyjkQnTGlgbbVOBQuaGBMrFp9HPOJYDaVNk/w=="
		}
	}
}
