{
	"name": "wanderer-cytoscape-singleton",
	"version": "0.0.1",
	"lockfileVersion": 1,
	"requires": true,
	"dependencies": {
		"cytoscape": {
			"version": "3.16.2",
			"resolved": "https://registry.npmjs.org/cytoscape/-/cytoscape-3.16.2.tgz",
			"integrity": "sha512-Qnq1PHiHA7Jcys6IgVd0aJoa4BqxpL5pm4WvAUMNl5hmKlGUqIuiXKGMyrWcyKSUfyx7ulFTFk/EWZR0oLBDjA==",
			"requires": {
				"heap": "^0.2.6",
				"lodash.debounce": "^4.0.8"
			}
		},
		"cytoscape-cxtmenu": {
			"version": "3.2.0",
			"resolved": "https://registry.npmjs.org/cytoscape-cxtmenu/-/cytoscape-cxtmenu-3.2.0.tgz",
			"integrity": "sha512-YbVLqiHj1+ZNeCyT79EqgQmKKQJG3Nz871CUPOHGaaO0SrQOazrjd3IngHFq30lVtGq3ER9ax4iRpWRQgLadcQ=="
		},
		"heap": {
			"version": "0.2.6",
			"resolved": "https://registry.npmjs.org/heap/-/heap-0.2.6.tgz",
			"integrity": "sha1-CH4fELBGky/IWU3Z5tN4r8nR5aw="
		},
		"lodash.debounce": {
			"version": "4.0.8",
			"resolved": "https://registry.npmjs.org/lodash.debounce/-/lodash.debounce-4.0.8.tgz",
			"integrity": "sha1-gteb/zCmfEAF/9XiUVMArZyk168="
		}
	}
}
