{
	"name": "wanderer-vue-graph",
	"version": "0.0.1",
	"lockfileVersion": 2,
	"requires": true,
	"packages": {
		"": {
			"version": "0.0.1",
			"license": "AGPL-3.0-or-later",
			"dependencies": {
				"cytoscape": "^3.16.0",
				"cytoscape-cxtmenu": "^3.1.2",
				"portal-vue": "^1.4.0",
				"vue": "^2.5.2",
				"vue-awesome": "^3.1.3",
				"vuex-persistedstate": "latest"
			}
		},
		"node_modules/cytoscape": {
			"version": "3.16.3",
			"resolved": "https://registry.npmjs.org/cytoscape/-/cytoscape-3.16.3.tgz",
			"integrity": "sha512-OGu9r5jsU2IgmqDy0NpW1M7ze2muvnJ3yNIB1mlzDLA7fcGI0aeE2hmLIoowi8E3+6HJF8Scx2iXGp11tbXHEg==",
			"dependencies": {
				"heap": "^0.2.6",
				"lodash.debounce": "^4.0.8"
			},
			"engines": {
				"node": ">=0.10"
			}
		},
		"node_modules/cytoscape-cxtmenu": {
			"version": "3.2.0",
			"resolved": "https://registry.npmjs.org/cytoscape-cxtmenu/-/cytoscape-cxtmenu-3.2.0.tgz",
			"integrity": "sha512-YbVLqiHj1+ZNeCyT79EqgQmKKQJG3Nz871CUPOHGaaO0SrQOazrjd3IngHFq30lVtGq3ER9ax4iRpWRQgLadcQ=="
		},
		"node_modules/deepmerge": {
			"version": "4.2.2",
			"resolved": "https://registry.npmjs.org/deepmerge/-/deepmerge-4.2.2.tgz",
			"integrity": "sha512-FJ3UgI4gIl+PHZm53knsuSFpE+nESMr7M4v9QcgB7S63Kj/6WqMiFQJpBBYz1Pt+66bZpP3Q7Lye0Oo9MPKEdg==",
			"engines": {
				"node": ">=0.10.0"
			}
		},
		"node_modules/heap": {
			"version": "0.2.6",
			"resolved": "https://registry.npmjs.org/heap/-/heap-0.2.6.tgz",
			"integrity": "sha1-CH4fELBGky/IWU3Z5tN4r8nR5aw="
		},
		"node_modules/lodash.debounce": {
			"version": "4.0.8",
			"resolved": "https://registry.npmjs.org/lodash.debounce/-/lodash.debounce-4.0.8.tgz",
			"integrity": "sha1-gteb/zCmfEAF/9XiUVMArZyk168="
		},
		"node_modules/portal-vue": {
			"version": "1.5.1",
			"resolved": "https://registry.npmjs.org/portal-vue/-/portal-vue-1.5.1.tgz",
			"integrity": "sha512-7T0K+qyY8bnjnEpQTiLbGsUaGlFcemK9gLurVSr6x1/qzr2HkHDNCOz5i+xhuTD1CrXckf/AGeCnLzvmAHMOHw=="
		},
		"node_modules/shvl": {
			"version": "2.0.2",
			"resolved": "https://registry.npmjs.org/shvl/-/shvl-2.0.2.tgz",
			"integrity": "sha512-G3KkIXPza3dgkt6Bo8zIl5K/KvAAhbG6o9KfAjhPvrIIzzAhnfc2ztv1i+iPTbNNM43MaBUqIaZwqVjkSgY/rw=="
		},
		"node_modules/vue": {
			"version": "2.6.12",
			"resolved": "https://registry.npmjs.org/vue/-/vue-2.6.12.tgz",
			"integrity": "sha512-uhmLFETqPPNyuLLbsKz6ioJ4q7AZHzD8ZVFNATNyICSZouqP2Sz0rotWQC8UNBF6VGSCs5abnKJoStA6JbCbfg=="
		},
		"node_modules/vue-awesome": {
			"version": "3.5.4",
			"resolved": "https://registry.npmjs.org/vue-awesome/-/vue-awesome-3.5.4.tgz",
			"integrity": "sha512-RRuo08A6mFye2RyLVdnODH5kyLiHANMl9EzKXZXCeMrsP4SY3nyjkQnTGlgbbVOBQuaGBMrFp9HPOJYDaVNk/w==",
			"engines": {
				"node": ">= 4.0.0",
				"npm": ">= 3.0.0"
			}
		},
		"node_modules/vuex": {
			"version": "3.6.2",
			"resolved": "https://registry.npmjs.org/vuex/-/vuex-3.6.2.tgz",
			"integrity": "sha512-ETW44IqCgBpVomy520DT5jf8n0zoCac+sxWnn+hMe/CzaSejb/eVw2YToiXYX+Ex/AuHHia28vWTq4goAexFbw==",
			"peer": true,
			"peerDependencies": {
				"vue": "^2.0.0"
			}
		},
		"node_modules/vuex-persistedstate": {
			"version": "4.0.0-beta.3",
			"resolved": "https://registry.npmjs.org/vuex-persistedstate/-/vuex-persistedstate-4.0.0-beta.3.tgz",
			"integrity": "sha512-T4IRD27qoUWh+8qr6T6zVp15xO7x/nPgnU13OD0C2uUwA7U9PhGozrj6lvVmMYDyRgc36J0msMXn3GvwHjkIhA==",
			"dependencies": {
				"deepmerge": "^4.2.2",
				"shvl": "^2.0.2"
			},
			"peerDependencies": {
				"vuex": "^3.0 || ^4.0.0-rc"
			}
		}
	},
	"dependencies": {
		"cytoscape": {
			"version": "3.16.3",
			"resolved": "https://registry.npmjs.org/cytoscape/-/cytoscape-3.16.3.tgz",
			"integrity": "sha512-OGu9r5jsU2IgmqDy0NpW1M7ze2muvnJ3yNIB1mlzDLA7fcGI0aeE2hmLIoowi8E3+6HJF8Scx2iXGp11tbXHEg==",
			"requires": {
				"heap": "^0.2.6",
				"lodash.debounce": "^4.0.8"
			}
		},
		"cytoscape-cxtmenu": {
			"version": "3.2.0",
			"resolved": "https://registry.npmjs.org/cytoscape-cxtmenu/-/cytoscape-cxtmenu-3.2.0.tgz",
			"integrity": "sha512-YbVLqiHj1+ZNeCyT79EqgQmKKQJG3Nz871CUPOHGaaO0SrQOazrjd3IngHFq30lVtGq3ER9ax4iRpWRQgLadcQ=="
		},
		"deepmerge": {
			"version": "4.2.2",
			"resolved": "https://registry.npmjs.org/deepmerge/-/deepmerge-4.2.2.tgz",
			"integrity": "sha512-FJ3UgI4gIl+PHZm53knsuSFpE+nESMr7M4v9QcgB7S63Kj/6WqMiFQJpBBYz1Pt+66bZpP3Q7Lye0Oo9MPKEdg=="
		},
		"heap": {
			"version": "0.2.6",
			"resolved": "https://registry.npmjs.org/heap/-/heap-0.2.6.tgz",
			"integrity": "sha1-CH4fELBGky/IWU3Z5tN4r8nR5aw="
		},
		"lodash.debounce": {
			"version": "4.0.8",
			"resolved": "https://registry.npmjs.org/lodash.debounce/-/lodash.debounce-4.0.8.tgz",
			"integrity": "sha1-gteb/zCmfEAF/9XiUVMArZyk168="
		},
		"portal-vue": {
			"version": "1.5.1",
			"resolved": "https://registry.npmjs.org/portal-vue/-/portal-vue-1.5.1.tgz",
			"integrity": "sha512-7T0K+qyY8bnjnEpQTiLbGsUaGlFcemK9gLurVSr6x1/qzr2HkHDNCOz5i+xhuTD1CrXckf/AGeCnLzvmAHMOHw=="
		},
		"shvl": {
			"version": "2.0.2",
			"resolved": "https://registry.npmjs.org/shvl/-/shvl-2.0.2.tgz",
			"integrity": "sha512-G3KkIXPza3dgkt6Bo8zIl5K/KvAAhbG6o9KfAjhPvrIIzzAhnfc2ztv1i+iPTbNNM43MaBUqIaZwqVjkSgY/rw=="
		},
		"vue": {
			"version": "2.6.12",
			"resolved": "https://registry.npmjs.org/vue/-/vue-2.6.12.tgz",
			"integrity": "sha512-uhmLFETqPPNyuLLbsKz6ioJ4q7AZHzD8ZVFNATNyICSZouqP2Sz0rotWQC8UNBF6VGSCs5abnKJoStA6JbCbfg=="
		},
		"vue-awesome": {
			"version": "3.5.4",
			"resolved": "https://registry.npmjs.org/vue-awesome/-/vue-awesome-3.5.4.tgz",
			"integrity": "sha512-RRuo08A6mFye2RyLVdnODH5kyLiHANMl9EzKXZXCeMrsP4SY3nyjkQnTGlgbbVOBQuaGBMrFp9HPOJYDaVNk/w=="
		},
		"vuex": {
			"version": "3.6.2",
			"resolved": "https://registry.npmjs.org/vuex/-/vuex-3.6.2.tgz",
			"integrity": "sha512-ETW44IqCgBpVomy520DT5jf8n0zoCac+sxWnn+hMe/CzaSejb/eVw2YToiXYX+Ex/AuHHia28vWTq4goAexFbw==",
			"peer": true,
			"requires": {}
		},
		"vuex-persistedstate": {
			"version": "4.0.0-beta.3",
			"resolved": "https://registry.npmjs.org/vuex-persistedstate/-/vuex-persistedstate-4.0.0-beta.3.tgz",
			"integrity": "sha512-T4IRD27qoUWh+8qr6T6zVp15xO7x/nPgnU13OD0C2uUwA7U9PhGozrj6lvVmMYDyRgc36J0msMXn3GvwHjkIhA==",
			"requires": {
				"deepmerge": "^4.2.2",
				"shvl": "^2.0.2"
			}
		}
	}
}
