{
	"name": "wanderer-cytoscape-singleton",
	"version": "1.0.0",
	"lockfileVersion": 1,
	"requires": true,
	"dependencies": {
		"cytoscape": {
			"version": "3.2.19",
			"resolved": "https://registry.npmjs.org/cytoscape/-/cytoscape-3.2.19.tgz",
			"integrity": "sha512-kg7jaamRmfW9bhwbCJHPIB32cVvfIOXcOXG/kV52mYWvFce/TZejpQZwDOWiH1SR3imxQHdhipjobFQoAx53MA==",
			"requires": {
				"heap": "^0.2.6",
				"lodash.debounce": "^4.0.8"
			}
		},
		"cytoscape-cxtmenu": {
			"version": "3.0.2",
			"resolved": "https://registry.npmjs.org/cytoscape-cxtmenu/-/cytoscape-cxtmenu-3.0.2.tgz",
			"integrity": "sha512-UJIH1BT98MlotUfPgw7r/1V/RXfEHS0EGZy38lu56+OUw5NSBXArSlfHIVZzwrQAmHKIhfnzqJOkajB06IEzAQ=="
		},
		"heap": {
			"version": "0.2.6",
			"resolved": "https://registry.npmjs.org/heap/-/heap-0.2.6.tgz",
			"integrity": "sha1-CH4fELBGky/IWU3Z5tN4r8nR5aw="
		},
		"lodash.debounce": {
			"version": "4.0.8",
			"resolved": "https://registry.npmjs.org/lodash.debounce/-/lodash.debounce-4.0.8.tgz",
			"integrity": "sha1-gteb/zCmfEAF/9XiUVMArZyk168="
		}
	}
}
