{
	"name": "wanderer-cytoscape-singleton",
	"version": "1.0.0",
	"lockfileVersion": 1,
	"requires": true,
	"dependencies": {
		"cytoscape": {
			"version": "3.16.0",
			"resolved": "https://registry.npmjs.org/cytoscape/-/cytoscape-3.16.0.tgz",
			"integrity": "sha512-k2xhDZy8MSeBgPdYwI2f5PXyNN8b9nsC0FJtIKmvEGaG29yNxhgtIaNzlW3eeE3DF5A4UQZ9nZxwmCdix56aIg==",
			"requires": {
				"heap": "^0.2.6",
				"lodash.debounce": "^4.0.8"
			}
		},
		"cytoscape-cxtmenu": {
			"version": "3.1.2",
			"resolved": "https://registry.npmjs.org/cytoscape-cxtmenu/-/cytoscape-cxtmenu-3.1.2.tgz",
			"integrity": "sha512-ikPWyNRZ6IfIykXU9J6tXkwu2Gk3nYK5yNmNJI/wtLFCuELdcCqpEXobgGLDT7yEGO+jI1upxmb4Lex/DPZlgA=="
		},
		"heap": {
			"version": "0.2.6",
			"resolved": "https://registry.npmjs.org/heap/-/heap-0.2.6.tgz",
			"integrity": "sha1-CH4fELBGky/IWU3Z5tN4r8nR5aw="
		},
		"lodash.debounce": {
			"version": "4.0.8",
			"resolved": "https://registry.npmjs.org/lodash.debounce/-/lodash.debounce-4.0.8.tgz",
			"integrity": "sha1-gteb/zCmfEAF/9XiUVMArZyk168="
		}
	}
}
